
Microsoft Visual Studio Solution File, Format Version 12.00
# Visual Studio Version 16
VisualStudioVersion = 16.0.28803.352
MinimumVisualStudioVersion = 10.0.40219.1
Project("{FAE04EC0-301F-11D3-BF4B-00C04F79EFBC}") = "DemoApp", "DemoApp\DemoApp.csproj", "{E66CEA23-8F67-4D1E-B235-B24AE214EB8E}"
EndProject
Global
	GlobalSection(SolutionConfigurationPlatforms) = preSolution
		Debug|Any CPU = Debug|Any CPU
		Release|Any CPU = Release|Any CPU
	EndGlobalSection
	GlobalSection(ProjectConfigurationPlatforms) = postSolution
		{E66CEA23-8F67-4D1E-B235-B24AE214EB8E}.Debug|Any CPU.ActiveCfg = Debug|Any CPU
		{E66CEA23-8F67-4D1E-B235-B24AE214EB8E}.Debug|Any CPU.Build.0 = Debug|Any CPU
		{E66CEA23-8F67-4D1E-B235-B24AE214EB8E}.Release|Any CPU.ActiveCfg = Release|Any CPU
		{E66CEA23-8F67-4D1E-B235-B24AE214EB8E}.Release|Any CPU.Build.0 = Release|Any CPU
	EndGlobalSection
	GlobalSection(SolutionProperties) = preSolution
		HideSolutionNode = FALSE
	EndGlobalSection
	GlobalSection(ExtensibilityGlobals) = postSolution
		SolutionGuid = {235B96EB-2093-4BC0-80B2-4D9B6FD7359D}
	EndGlobalSection
EndGlobal
